PODS:
  - Alamofire (4.6.0)
  - AYNavigationBar (1.1.4):
    - FDFullscreenPopGesture (~> 1.1)
  - FDFullscreenPopGesture (1.1)
  - FSPagerView (0.7.1)
  - HandyJSON (4.0.0-beta.1)
  - Hue (3.0.1)
  - Kingfisher (4.6.1)
  - MJRefresh (3.1.15.3)
  - SnapKit (4.0.0)

DEPENDENCIES:
  - Alamofire
  - AYNavigationBar
  - FSPagerView
  - HandyJSON (~> 4.0.0-beta.1)
  - Hue
  - Kingfisher
  - MJRefresh
  - SnapKit

SPEC CHECKSUMS:
  Alamofire: f41a599bd63041760b26d393ec1069d9d7b917f4
  AYNavigationBar: e739632143ab6afa9cb2be3c815d8193226f635c
  FDFullscreenPopGesture: a8a620179e3d9c40e8e00256dcee1c1a27c6d0f0
  FSPagerView: 958aba39684e1573755ddcfcc29f7eebb8413cee
  HandyJSON: 428bb18e2c34c2a77361accebf90cf64e4f74118
  Hue: 93e852fa6211ab35922ad8c293f51c43d6c79eb2
  Kingfisher: 1f9157d9c02b380cbd0b7cc890161195164eb634
  MJRefresh: b48380ae2b927b46c4ef000de9adb8dc748e1df7
  SnapKit: a42d492c16e80209130a3379f73596c3454b7694

PODFILE CHECKSUM: dc175a227f1972a89b3d3aa2f4f62d7c9a76e9a5

COCOAPODS: 1.4.0
