PODS:
  - Alamofire (4.7.2)
  - Cache (4.2.0)
  - Differentiator (3.0.2)
  - FDFullscreenPopGesture (1.1)
  - FKNavigationBar (0.0.2)
  - FSPagerView (0.7.1)
  - Hue (3.0.1)
  - Kingfisher (4.7.0)
  - MJRefresh (3.1.15.3)
  - Moya/Core (11.0.2):
    - Alamofire (~> 4.1)
    - Result (~> 3.0)
  - Moya/RxSwift (11.0.2):
    - Moya/Core
    - RxSwift (~> 4.0)
  - Result (3.2.4)
  - RxCocoa (4.1.2):
    - RxSwift (~> 4.0)
  - RxDataSources (3.0.2):
    - Differentiator (~> 3.0)
    - RxCocoa (~> 4.0)
    - RxSwift (~> 4.0)
  - RxSwift (4.1.2)
  - SnapKit (4.0.0)

DEPENDENCIES:
  - Cache
  - FDFullscreenPopGesture
  - FKNavigationBar
  - FSPagerView
  - Hue
  - Kingfisher
  - MJRefresh
  - Moya/RxSwift
  - RxCocoa
  - RxDataSources
  - SnapKit

SPEC REPOS:
  https://github.com/CocoaPods/Specs.git:
    - Alamofire
    - Cache
    - Differentiator
    - FDFullscreenPopGesture
    - FKNavigationBar
    - FSPagerView
    - Hue
    - Kingfisher
    - MJRefresh
    - Moya
    - Result
    - RxCocoa
    - RxDataSources
    - RxSwift
    - SnapKit

SPEC CHECKSUMS:
  Alamofire: e4fa87002c137ba2d8d634d2c51fabcda0d5c223
  Cache: f28f8dd64b632155aabf9b3906b036a659048251
  Differentiator: a87be69eba49ec4ab460c7671143ee3a9eececfd
  FDFullscreenPopGesture: a8a620179e3d9c40e8e00256dcee1c1a27c6d0f0
  FKNavigationBar: 8dee336e7eb4cd52701e5df5eeb7a54936b51e95
  FSPagerView: 958aba39684e1573755ddcfcc29f7eebb8413cee
  Hue: 93e852fa6211ab35922ad8c293f51c43d6c79eb2
  Kingfisher: da6b005aa96d37698e3e4f1ccfe96a5b9bbf27d6
  MJRefresh: b48380ae2b927b46c4ef000de9adb8dc748e1df7
  Moya: a725035953bc1c0eb1be505ab903984501d82440
  Result: d2d07204ce72856f1fd9130bbe42c35a7b0fea10
  RxCocoa: d88ba0f1f6abf040011a9eb4b539324fc426843a
  RxDataSources: cb7c31e652a87ebb919da45f716bbb87b3765f6b
  RxSwift: e49536837d9901277638493ea537394d4b55f570
  SnapKit: a42d492c16e80209130a3379f73596c3454b7694

PODFILE CHECKSUM: 2f754b109f3b8993d0000a572c76c20f5ea3d52c

COCOAPODS: 1.5.0
