// !$*UTF8*$!
{
	archiveVersion = 1;
	classes = {
	};
	objectVersion = 48;
	objects = {

/* Begin PBXBuildFile section */
		331F305E20933E2A0017D475 /* UIImageView+Rx.swift in Sources */ = {isa = PBXBuildFile; fileRef = 331F305D20933E2A0017D475 /* UIImageView+Rx.swift */; };
		7E87DC5196D1C5BBEB13B48B /* Pods_ZhihuDaily.framework in Frameworks */ = {isa = PBXBuildFile; fileRef = E8EC03925F055F8689CA7C96 /* Pods_ZhihuDaily.framework */; };
		B5171438202F33C400881F95 /* BannerView.swift in Sources */ = {isa = PBXBuildFile; fileRef = B5171437202F33C400881F95 /* BannerView.swift */; };
		B51ACD32201B06B300469329 /* WebViewContainer.swift in Sources */ = {isa = PBXBuildFile; fileRef = B51ACD31201B06B300469329 /* WebViewContainer.swift */; };
		B531638E201FFF4200828CA2 /* ConfigurableCell.swift in Sources */ = {isa = PBXBuildFile; fileRef = B531638D201FFF4200828CA2 /* ConfigurableCell.swift */; };
		B54F183820930C5100E1D038 /* MJRefresh+Rx.swift in Sources */ = {isa = PBXBuildFile; fileRef = B54F183720930C5100E1D038 /* MJRefresh+Rx.swift */; };
		B56223851FFC729B0012CCB2 /* Assets.xcassets in Resources */ = {isa = PBXBuildFile; fileRef = B56223841FFC729B0012CCB2 /* Assets.xcassets */; };
		B56223881FFC729B0012CCB2 /* LaunchScreen.storyboard in Resources */ = {isa = PBXBuildFile; fileRef = B56223861FFC729B0012CCB2 /* LaunchScreen.storyboard */; };
		B56223931FFC729C0012CCB2 /* ZhihuDailyTests.swift in Sources */ = {isa = PBXBuildFile; fileRef = B56223921FFC729C0012CCB2 /* ZhihuDailyTests.swift */; };
		B562239E1FFC729C0012CCB2 /* ZhihuDailyUITests.swift in Sources */ = {isa = PBXBuildFile; fileRef = B562239D1FFC729C0012CCB2 /* ZhihuDailyUITests.swift */; };
		B56223BC1FFC730E0012CCB2 /* AppDelegate.swift in Sources */ = {isa = PBXBuildFile; fileRef = B56223BA1FFC730E0012CCB2 /* AppDelegate.swift */; };
		B56223BE1FFC734E0012CCB2 /* MainViewController.swift in Sources */ = {isa = PBXBuildFile; fileRef = B56223BD1FFC734E0012CCB2 /* MainViewController.swift */; };
		B56223C81FFC7E1D0012CCB2 /* MenuViewController.swift in Sources */ = {isa = PBXBuildFile; fileRef = B56223C71FFC7E1D0012CCB2 /* MenuViewController.swift */; };
		B563AAE82015AB4B00F4AC66 /* BaseViewController.swift in Sources */ = {isa = PBXBuildFile; fileRef = B563AAE72015AB4B00F4AC66 /* BaseViewController.swift */; };
		B563AAF22015AC8500F4AC66 /* WebViewController.swift in Sources */ = {isa = PBXBuildFile; fileRef = B563AAEC2015AC8400F4AC66 /* WebViewController.swift */; };
		B563AAF42015AC8500F4AC66 /* Router.swift in Sources */ = {isa = PBXBuildFile; fileRef = B563AAF02015AC8500F4AC66 /* Router.swift */; };
		B563AAF82015AC9A00F4AC66 /* StringExtension.swift in Sources */ = {isa = PBXBuildFile; fileRef = B563AAF52015AC9A00F4AC66 /* StringExtension.swift */; };
		B563AAF92015AC9A00F4AC66 /* UITableViewExtension.swift in Sources */ = {isa = PBXBuildFile; fileRef = B563AAF62015AC9A00F4AC66 /* UITableViewExtension.swift */; };
		B563AAFA2015AC9A00F4AC66 /* UIViewControllerExtension.swift in Sources */ = {isa = PBXBuildFile; fileRef = B563AAF72015AC9A00F4AC66 /* UIViewControllerExtension.swift */; };
		B56EA5432051102B0011D6E9 /* ProgressView.swift in Sources */ = {isa = PBXBuildFile; fileRef = B56EA5422051102B0011D6E9 /* ProgressView.swift */; };
		B587F897204973D200CC3BC7 /* HTTPLoggerPlugin.swift in Sources */ = {isa = PBXBuildFile; fileRef = B587F895204973D200CC3BC7 /* HTTPLoggerPlugin.swift */; };
		B5A7C9EC2015B421000C54BC /* HomeBannerListModel.swift in Sources */ = {isa = PBXBuildFile; fileRef = B5A7C9EB2015B421000C54BC /* HomeBannerListModel.swift */; };
		B5A7C9EE2015BA97000C54BC /* HomeNewsListModel.swift in Sources */ = {isa = PBXBuildFile; fileRef = B5A7C9ED2015BA97000C54BC /* HomeNewsListModel.swift */; };
		B5A7C9F22015C22F000C54BC /* HomeNewsRowCell.swift in Sources */ = {isa = PBXBuildFile; fileRef = B5A7C9F12015C22F000C54BC /* HomeNewsRowCell.swift */; };
		B5A7C9F42015C625000C54BC /* UIColorExtension.swift in Sources */ = {isa = PBXBuildFile; fileRef = B5A7C9F32015C625000C54BC /* UIColorExtension.swift */; };
		B5A7C9F62015D273000C54BC /* UIScreenExtension.swift in Sources */ = {isa = PBXBuildFile; fileRef = B5A7C9F52015D272000C54BC /* UIScreenExtension.swift */; };
		B5A7C9F82015D607000C54BC /* HomeViewController.swift in Sources */ = {isa = PBXBuildFile; fileRef = B5A7C9F72015D607000C54BC /* HomeViewController.swift */; };
		B5A7C9FA2015DAB6000C54BC /* NewsDetailViewController.swift in Sources */ = {isa = PBXBuildFile; fileRef = B5A7C9F92015DAB6000C54BC /* NewsDetailViewController.swift */; };
		B5A7C9FC2015E030000C54BC /* NewsDetailModel.swift in Sources */ = {isa = PBXBuildFile; fileRef = B5A7C9FB2015E030000C54BC /* NewsDetailModel.swift */; };
		B5ADB444208730A60029D40F /* KeyedDecodingContainer+TypeConversion.swift in Sources */ = {isa = PBXBuildFile; fileRef = B5ADB443208730A60029D40F /* KeyedDecodingContainer+TypeConversion.swift */; };
		B5D652B92054FC6F00AE726F /* NewsDetailViewModel.swift in Sources */ = {isa = PBXBuildFile; fileRef = B5D652B82054FC6F00AE726F /* NewsDetailViewModel.swift */; };
		B5DE316520544DD300661203 /* HomeViewModel.swift in Sources */ = {isa = PBXBuildFile; fileRef = B5DE316420544DD200661203 /* HomeViewModel.swift */; };
		B5E827482030810E0095BF41 /* PageMenuCell.swift in Sources */ = {isa = PBXBuildFile; fileRef = B5E827452030810E0095BF41 /* PageMenuCell.swift */; };
		B5E827492030810E0095BF41 /* PageScrollView.swift in Sources */ = {isa = PBXBuildFile; fileRef = B5E827462030810E0095BF41 /* PageScrollView.swift */; };
		B5E8274A2030810E0095BF41 /* PageMenuView.swift in Sources */ = {isa = PBXBuildFile; fileRef = B5E827472030810E0095BF41 /* PageMenuView.swift */; };
		B5F20DAE2052A50A008D757B /* NetworkEnvironment.swift in Sources */ = {isa = PBXBuildFile; fileRef = B5F20DAD2052A50A008D757B /* NetworkEnvironment.swift */; };
		B5F20DB02052A5A2008D757B /* HomeTarget.swift in Sources */ = {isa = PBXBuildFile; fileRef = B5F20DAF2052A5A2008D757B /* HomeTarget.swift */; };
/* End PBXBuildFile section */

/* Begin PBXContainerItemProxy section */
		B562238F1FFC729C0012CCB2 /* PBXContainerItemProxy */ = {
			isa = PBXContainerItemProxy;
			containerPortal = B56223721FFC729B0012CCB2 /* Project object */;
			proxyType = 1;
			remoteGlobalIDString = B56223791FFC729B0012CCB2;
			remoteInfo = ZhihuDaily;
		};
		B562239A1FFC729C0012CCB2 /* PBXContainerItemProxy */ = {
			isa = PBXContainerItemProxy;
			containerPortal = B56223721FFC729B0012CCB2 /* Project object */;
			proxyType = 1;
			remoteGlobalIDString = B56223791FFC729B0012CCB2;
			remoteInfo = ZhihuDaily;
		};
/* End PBXContainerItemProxy section */

/* Begin PBXFileReference section */
		331F305D20933E2A0017D475 /* UIImageView+Rx.swift */ = {isa = PBXFileReference; lastKnownFileType = sourcecode.swift; path = "UIImageView+Rx.swift"; sourceTree = "<group>"; };
		83CE6E074FEB0F0C30BFDD04 /* Pods-ZhihuDaily.debug.xcconfig */ = {isa = PBXFileReference; includeInIndex = 1; lastKnownFileType = text.xcconfig; name = "Pods-ZhihuDaily.debug.xcconfig"; path = "Pods/Target Support Files/Pods-ZhihuDaily/Pods-ZhihuDaily.debug.xcconfig"; sourceTree = "<group>"; };
		B5171437202F33C400881F95 /* BannerView.swift */ = {isa = PBXFileReference; lastKnownFileType = sourcecode.swift; path = BannerView.swift; sourceTree = "<group>"; };
		B51ACD31201B06B300469329 /* WebViewContainer.swift */ = {isa = PBXFileReference; lastKnownFileType = sourcecode.swift; path = WebViewContainer.swift; sourceTree = "<group>"; };
		B531638D201FFF4200828CA2 /* ConfigurableCell.swift */ = {isa = PBXFileReference; fileEncoding = 4; lastKnownFileType = sourcecode.swift; path = ConfigurableCell.swift; sourceTree = "<group>"; };
		B54F183720930C5100E1D038 /* MJRefresh+Rx.swift */ = {isa = PBXFileReference; fileEncoding = 4; lastKnownFileType = sourcecode.swift; path = "MJRefresh+Rx.swift"; sourceTree = "<group>"; };
		B562237A1FFC729B0012CCB2 /* ZhihuDaily.app */ = {isa = PBXFileReference; explicitFileType = wrapper.application; includeInIndex = 0; path = ZhihuDaily.app; sourceTree = BUILT_PRODUCTS_DIR; };
		B56223841FFC729B0012CCB2 /* Assets.xcassets */ = {isa = PBXFileReference; lastKnownFileType = folder.assetcatalog; path = Assets.xcassets; sourceTree = "<group>"; };
		B56223871FFC729B0012CCB2 /* Base */ = {isa = PBXFileReference; lastKnownFileType = file.storyboard; name = Base; path = Base.lproj/LaunchScreen.storyboard; sourceTree = "<group>"; };
		B56223891FFC729C0012CCB2 /* Info.plist */ = {isa = PBXFileReference; lastKnownFileType = text.plist.xml; path = Info.plist; sourceTree = "<group>"; };
		B562238E1FFC729C0012CCB2 /* ZhihuDailyTests.xctest */ = {isa = PBXFileReference; explicitFileType = wrapper.cfbundle; includeInIndex = 0; path = ZhihuDailyTests.xctest; sourceTree = BUILT_PRODUCTS_DIR; };
		B56223921FFC729C0012CCB2 /* ZhihuDailyTests.swift */ = {isa = PBXFileReference; lastKnownFileType = sourcecode.swift; path = ZhihuDailyTests.swift; sourceTree = "<group>"; };
		B56223941FFC729C0012CCB2 /* Info.plist */ = {isa = PBXFileReference; lastKnownFileType = text.plist.xml; path = Info.plist; sourceTree = "<group>"; };
		B56223991FFC729C0012CCB2 /* ZhihuDailyUITests.xctest */ = {isa = PBXFileReference; explicitFileType = wrapper.cfbundle; includeInIndex = 0; path = ZhihuDailyUITests.xctest; sourceTree = BUILT_PRODUCTS_DIR; };
		B562239D1FFC729C0012CCB2 /* ZhihuDailyUITests.swift */ = {isa = PBXFileReference; lastKnownFileType = sourcecode.swift; path = ZhihuDailyUITests.swift; sourceTree = "<group>"; };
		B562239F1FFC729C0012CCB2 /* Info.plist */ = {isa = PBXFileReference; lastKnownFileType = text.plist.xml; path = Info.plist; sourceTree = "<group>"; };
		B56223BA1FFC730E0012CCB2 /* AppDelegate.swift */ = {isa = PBXFileReference; fileEncoding = 4; lastKnownFileType = sourcecode.swift; path = AppDelegate.swift; sourceTree = "<group>"; };
		B56223BD1FFC734E0012CCB2 /* MainViewController.swift */ = {isa = PBXFileReference; lastKnownFileType = sourcecode.swift; path = MainViewController.swift; sourceTree = "<group>"; };
		B56223BF1FFC767C0012CCB2 /* ZhihuDaily-Bridging-Header.h */ = {isa = PBXFileReference; lastKnownFileType = sourcecode.c.h; path = "ZhihuDaily-Bridging-Header.h"; sourceTree = "<group>"; };
		B56223C71FFC7E1D0012CCB2 /* MenuViewController.swift */ = {isa = PBXFileReference; lastKnownFileType = sourcecode.swift; path = MenuViewController.swift; sourceTree = "<group>"; };
		B563AAE72015AB4B00F4AC66 /* BaseViewController.swift */ = {isa = PBXFileReference; lastKnownFileType = sourcecode.swift; path = BaseViewController.swift; sourceTree = "<group>"; };
		B563AAEC2015AC8400F4AC66 /* WebViewController.swift */ = {isa = PBXFileReference; fileEncoding = 4; lastKnownFileType = sourcecode.swift; path = WebViewController.swift; sourceTree = "<group>"; };
		B563AAF02015AC8500F4AC66 /* Router.swift */ = {isa = PBXFileReference; fileEncoding = 4; lastKnownFileType = sourcecode.swift; path = Router.swift; sourceTree = "<group>"; };
		B563AAF52015AC9A00F4AC66 /* StringExtension.swift */ = {isa = PBXFileReference; fileEncoding = 4; lastKnownFileType = sourcecode.swift; path = StringExtension.swift; sourceTree = "<group>"; };
		B563AAF62015AC9A00F4AC66 /* UITableViewExtension.swift */ = {isa = PBXFileReference; fileEncoding = 4; lastKnownFileType = sourcecode.swift; path = UITableViewExtension.swift; sourceTree = "<group>"; };
		B563AAF72015AC9A00F4AC66 /* UIViewControllerExtension.swift */ = {isa = PBXFileReference; fileEncoding = 4; lastKnownFileType = sourcecode.swift; path = UIViewControllerExtension.swift; sourceTree = "<group>"; };
		B56EA5422051102B0011D6E9 /* ProgressView.swift */ = {isa = PBXFileReference; fileEncoding = 4; lastKnownFileType = sourcecode.swift; path = ProgressView.swift; sourceTree = "<group>"; };
		B587F895204973D200CC3BC7 /* HTTPLoggerPlugin.swift */ = {isa = PBXFileReference; fileEncoding = 4; lastKnownFileType = sourcecode.swift; path = HTTPLoggerPlugin.swift; sourceTree = "<group>"; };
		B5A7C9EB2015B421000C54BC /* HomeBannerListModel.swift */ = {isa = PBXFileReference; fileEncoding = 4; lastKnownFileType = sourcecode.swift; path = HomeBannerListModel.swift; sourceTree = "<group>"; };
		B5A7C9ED2015BA97000C54BC /* HomeNewsListModel.swift */ = {isa = PBXFileReference; lastKnownFileType = sourcecode.swift; path = HomeNewsListModel.swift; sourceTree = "<group>"; };
		B5A7C9F12015C22F000C54BC /* HomeNewsRowCell.swift */ = {isa = PBXFileReference; fileEncoding = 4; lastKnownFileType = sourcecode.swift; path = HomeNewsRowCell.swift; sourceTree = "<group>"; };
		B5A7C9F32015C625000C54BC /* UIColorExtension.swift */ = {isa = PBXFileReference; fileEncoding = 4; lastKnownFileType = sourcecode.swift; path = UIColorExtension.swift; sourceTree = "<group>"; };
		B5A7C9F52015D272000C54BC /* UIScreenExtension.swift */ = {isa = PBXFileReference; fileEncoding = 4; lastKnownFileType = sourcecode.swift; path = UIScreenExtension.swift; sourceTree = "<group>"; };
		B5A7C9F72015D607000C54BC /* HomeViewController.swift */ = {isa = PBXFileReference; lastKnownFileType = sourcecode.swift; path = HomeViewController.swift; sourceTree = "<group>"; };
		B5A7C9F92015DAB6000C54BC /* NewsDetailViewController.swift */ = {isa = PBXFileReference; lastKnownFileType = sourcecode.swift; path = NewsDetailViewController.swift; sourceTree = "<group>"; };
		B5A7C9FB2015E030000C54BC /* NewsDetailModel.swift */ = {isa = PBXFileReference; lastKnownFileType = sourcecode.swift; path = NewsDetailModel.swift; sourceTree = "<group>"; };
		B5ADB443208730A60029D40F /* KeyedDecodingContainer+TypeConversion.swift */ = {isa = PBXFileReference; fileEncoding = 4; lastKnownFileType = sourcecode.swift; path = "KeyedDecodingContainer+TypeConversion.swift"; sourceTree = "<group>"; };
		B5D652B82054FC6F00AE726F /* NewsDetailViewModel.swift */ = {isa = PBXFileReference; lastKnownFileType = sourcecode.swift; path = NewsDetailViewModel.swift; sourceTree = "<group>"; };
		B5DE316420544DD200661203 /* HomeViewModel.swift */ = {isa = PBXFileReference; lastKnownFileType = sourcecode.swift; path = HomeViewModel.swift; sourceTree = "<group>"; };
		B5E827452030810E0095BF41 /* PageMenuCell.swift */ = {isa = PBXFileReference; fileEncoding = 4; lastKnownFileType = sourcecode.swift; path = PageMenuCell.swift; sourceTree = "<group>"; };
		B5E827462030810E0095BF41 /* PageScrollView.swift */ = {isa = PBXFileReference; fileEncoding = 4; lastKnownFileType = sourcecode.swift; path = PageScrollView.swift; sourceTree = "<group>"; };
		B5E827472030810E0095BF41 /* PageMenuView.swift */ = {isa = PBXFileReference; fileEncoding = 4; lastKnownFileType = sourcecode.swift; path = PageMenuView.swift; sourceTree = "<group>"; };
		B5F20DAD2052A50A008D757B /* NetworkEnvironment.swift */ = {isa = PBXFileReference; fileEncoding = 4; lastKnownFileType = sourcecode.swift; path = NetworkEnvironment.swift; sourceTree = "<group>"; };
		B5F20DAF2052A5A2008D757B /* HomeTarget.swift */ = {isa = PBXFileReference; lastKnownFileType = sourcecode.swift; path = HomeTarget.swift; sourceTree = "<group>"; };
		E8EC03925F055F8689CA7C96 /* Pods_ZhihuDaily.framework */ = {isa = PBXFileReference; explicitFileType = wrapper.framework; includeInIndex = 0; path = Pods_ZhihuDaily.framework; sourceTree = BUILT_PRODUCTS_DIR; };
		F886866C7CEB86595A7BC528 /* Pods-ZhihuDaily.release.xcconfig */ = {isa = PBXFileReference; includeInIndex = 1; lastKnownFileType = text.xcconfig; name = "Pods-ZhihuDaily.release.xcconfig"; path = "Pods/Target Support Files/Pods-ZhihuDaily/Pods-ZhihuDaily.release.xcconfig"; sourceTree = "<group>"; };
/* End PBXFileReference section */

/* Begin PBXFrameworksBuildPhase section */
		B56223771FFC729B0012CCB2 /* Frameworks */ = {
			isa = PBXFrameworksBuildPhase;
			buildActionMask = 2147483647;
			files = (
				7E87DC5196D1C5BBEB13B48B /* Pods_ZhihuDaily.framework in Frameworks */,
			);
			runOnlyForDeploymentPostprocessing = 0;
		};
		B562238B1FFC729C0012CCB2 /* Frameworks */ = {
			isa = PBXFrameworksBuildPhase;
			buildActionMask = 2147483647;
			files = (
			);
			runOnlyForDeploymentPostprocessing = 0;
		};
		B56223961FFC729C0012CCB2 /* Frameworks */ = {
			isa = PBXFrameworksBuildPhase;
			buildActionMask = 2147483647;
			files = (
			);
			runOnlyForDeploymentPostprocessing = 0;
		};
/* End PBXFrameworksBuildPhase section */

/* Begin PBXGroup section */
		5F69BE200B517F3B8E1813AE /* Frameworks */ = {
			isa = PBXGroup;
			children = (
				E8EC03925F055F8689CA7C96 /* Pods_ZhihuDaily.framework */,
			);
			name = Frameworks;
			sourceTree = "<group>";
		};
		93FCBFF112DB445C6DDFB58B /* Pods */ = {
			isa = PBXGroup;
			children = (
				83CE6E074FEB0F0C30BFDD04 /* Pods-ZhihuDaily.debug.xcconfig */,
				F886866C7CEB86595A7BC528 /* Pods-ZhihuDaily.release.xcconfig */,
			);
			name = Pods;
			sourceTree = "<group>";
		};
		B50976782053DD7700001A4C /* ViewModel */ = {
			isa = PBXGroup;
			children = (
				B5DE316420544DD200661203 /* HomeViewModel.swift */,
				B5D652B82054FC6F00AE726F /* NewsDetailViewModel.swift */,
			);
			path = ViewModel;
			sourceTree = "<group>";
		};
		B56223711FFC729B0012CCB2 = {
			isa = PBXGroup;
			children = (
				B562237C1FFC729B0012CCB2 /* ZhihuDaily */,
				B56223911FFC729C0012CCB2 /* ZhihuDailyTests */,
				B562239C1FFC729C0012CCB2 /* ZhihuDailyUITests */,
				B562237B1FFC729B0012CCB2 /* Products */,
				93FCBFF112DB445C6DDFB58B /* Pods */,
				5F69BE200B517F3B8E1813AE /* Frameworks */,
			);
			sourceTree = "<group>";
		};
		B562237B1FFC729B0012CCB2 /* Products */ = {
			isa = PBXGroup;
			children = (
				B562237A1FFC729B0012CCB2 /* ZhihuDaily.app */,
				B562238E1FFC729C0012CCB2 /* ZhihuDailyTests.xctest */,
				B56223991FFC729C0012CCB2 /* ZhihuDailyUITests.xctest */,
			);
			name = Products;
			sourceTree = "<group>";
		};
		B562237C1FFC729B0012CCB2 /* ZhihuDaily */ = {
			isa = PBXGroup;
			children = (
				B56223B91FFC730E0012CCB2 /* App */,
				B56223841FFC729B0012CCB2 /* Assets.xcassets */,
				B56223AB1FFC730E0012CCB2 /* Classes */,
				B56223B81FFC730E0012CCB2 /* Extension */,
				B56223891FFC729C0012CCB2 /* Info.plist */,
				B56223861FFC729B0012CCB2 /* LaunchScreen.storyboard */,
				B563AAED2015AC8400F4AC66 /* Network */,
				B5F20DAC2052A399008D757B /* Target */,
				B56223BB1FFC730E0012CCB2 /* Vendor */,
			);
			path = ZhihuDaily;
			sourceTree = "<group>";
		};
		B56223911FFC729C0012CCB2 /* ZhihuDailyTests */ = {
			isa = PBXGroup;
			children = (
				B56223921FFC729C0012CCB2 /* ZhihuDailyTests.swift */,
				B56223941FFC729C0012CCB2 /* Info.plist */,
			);
			path = ZhihuDailyTests;
			sourceTree = "<group>";
		};
		B562239C1FFC729C0012CCB2 /* ZhihuDailyUITests */ = {
			isa = PBXGroup;
			children = (
				B562239D1FFC729C0012CCB2 /* ZhihuDailyUITests.swift */,
				B562239F1FFC729C0012CCB2 /* Info.plist */,
			);
			path = ZhihuDailyUITests;
			sourceTree = "<group>";
		};
		B56223AB1FFC730E0012CCB2 /* Classes */ = {
			isa = PBXGroup;
			children = (
				B56223AC1FFC730E0012CCB2 /* Base */,
				B56223B01FFC730E0012CCB2 /* Home */,
				B56223B41FFC730E0012CCB2 /* Main */,
			);
			path = Classes;
			sourceTree = "<group>";
		};
		B56223AC1FFC730E0012CCB2 /* Base */ = {
			isa = PBXGroup;
			children = (
				B56223AD1FFC730E0012CCB2 /* Controller */,
				B56223AE1FFC730E0012CCB2 /* Model */,
				B56223AF1FFC730E0012CCB2 /* View */,
			);
			path = Base;
			sourceTree = "<group>";
		};
		B56223AD1FFC730E0012CCB2 /* Controller */ = {
			isa = PBXGroup;
			children = (
				B563AAE72015AB4B00F4AC66 /* BaseViewController.swift */,
			);
			path = Controller;
			sourceTree = "<group>";
		};
		B56223AE1FFC730E0012CCB2 /* Model */ = {
			isa = PBXGroup;
			children = (
			);
			path = Model;
			sourceTree = "<group>";
		};
		B56223AF1FFC730E0012CCB2 /* View */ = {
			isa = PBXGroup;
			children = (
			);
			path = View;
			sourceTree = "<group>";
		};
		B56223B01FFC730E0012CCB2 /* Home */ = {
			isa = PBXGroup;
			children = (
				B50976782053DD7700001A4C /* ViewModel */,
				B56223B11FFC730E0012CCB2 /* Controller */,
				B56223B21FFC730E0012CCB2 /* Model */,
				B56223B31FFC730E0012CCB2 /* View */,
			);
			path = Home;
			sourceTree = "<group>";
		};
		B56223B11FFC730E0012CCB2 /* Controller */ = {
			isa = PBXGroup;
			children = (
				B5A7C9F72015D607000C54BC /* HomeViewController.swift */,
				B5A7C9F92015DAB6000C54BC /* NewsDetailViewController.swift */,
				B5171437202F33C400881F95 /* BannerView.swift */,
			);
			path = Controller;
			sourceTree = "<group>";
		};
		B56223B21FFC730E0012CCB2 /* Model */ = {
			isa = PBXGroup;
			children = (
				B5A7C9FB2015E030000C54BC /* NewsDetailModel.swift */,
			);
			path = Model;
			sourceTree = "<group>";
		};
		B56223B31FFC730E0012CCB2 /* View */ = {
			isa = PBXGroup;
			children = (
				B56EA5422051102B0011D6E9 /* ProgressView.swift */,
			);
			path = View;
			sourceTree = "<group>";
		};
		B56223B41FFC730E0012CCB2 /* Main */ = {
			isa = PBXGroup;
			children = (
				B56223B51FFC730E0012CCB2 /* Controller */,
				B56223B61FFC730E0012CCB2 /* Model */,
				B56223B71FFC730E0012CCB2 /* View */,
			);
			path = Main;
			sourceTree = "<group>";
		};
		B56223B51FFC730E0012CCB2 /* Controller */ = {
			isa = PBXGroup;
			children = (
				B56223BD1FFC734E0012CCB2 /* MainViewController.swift */,
				B56223C71FFC7E1D0012CCB2 /* MenuViewController.swift */,
			);
			path = Controller;
			sourceTree = "<group>";
		};
		B56223B61FFC730E0012CCB2 /* Model */ = {
			isa = PBXGroup;
			children = (
				B5A7C9EB2015B421000C54BC /* HomeBannerListModel.swift */,
				B5A7C9ED2015BA97000C54BC /* HomeNewsListModel.swift */,
			);
			path = Model;
			sourceTree = "<group>";
		};
		B56223B71FFC730E0012CCB2 /* View */ = {
			isa = PBXGroup;
			children = (
				B5A7C9F12015C22F000C54BC /* HomeNewsRowCell.swift */,
			);
			path = View;
			sourceTree = "<group>";
		};
		B56223B81FFC730E0012CCB2 /* Extension */ = {
			isa = PBXGroup;
			children = (
				B54F183720930C5100E1D038 /* MJRefresh+Rx.swift */,
				B5A7C9F52015D272000C54BC /* UIScreenExtension.swift */,
				B5A7C9F32015C625000C54BC /* UIColorExtension.swift */,
				B563AAF52015AC9A00F4AC66 /* StringExtension.swift */,
				B563AAF62015AC9A00F4AC66 /* UITableViewExtension.swift */,
				B563AAF72015AC9A00F4AC66 /* UIViewControllerExtension.swift */,
				331F305D20933E2A0017D475 /* UIImageView+Rx.swift */,
			);
			path = Extension;
			sourceTree = "<group>";
		};
		B56223B91FFC730E0012CCB2 /* App */ = {
			isa = PBXGroup;
			children = (
				B56223BA1FFC730E0012CCB2 /* AppDelegate.swift */,
			);
			path = App;
			sourceTree = "<group>";
		};
		B56223BB1FFC730E0012CCB2 /* Vendor */ = {
			isa = PBXGroup;
			children = (
				B5F20DB32052B476008D757B /* HTTPProvider */,
				B563AAEF2015AC8500F4AC66 /* Router */,
				B563AAEB2015AC8400F4AC66 /* UI */,
				B56223BF1FFC767C0012CCB2 /* ZhihuDaily-Bridging-Header.h */,
			);
			path = Vendor;
			sourceTree = "<group>";
		};
		B563AAEB2015AC8400F4AC66 /* UI */ = {
			isa = PBXGroup;
			children = (
				B5E8273C2030777A0095BF41 /* PageScrollView */,
				B531638D201FFF4200828CA2 /* ConfigurableCell.swift */,
				B563AAEC2015AC8400F4AC66 /* WebViewController.swift */,
				B51ACD31201B06B300469329 /* WebViewContainer.swift */,
			);
			path = UI;
			sourceTree = "<group>";
		};
		B563AAED2015AC8400F4AC66 /* Network */ = {
			isa = PBXGroup;
			children = (
				B5ADB443208730A60029D40F /* KeyedDecodingContainer+TypeConversion.swift */,
				B5F20DAD2052A50A008D757B /* NetworkEnvironment.swift */,
			);
			path = Network;
			sourceTree = "<group>";
		};
		B563AAEF2015AC8500F4AC66 /* Router */ = {
			isa = PBXGroup;
			children = (
				B563AAF02015AC8500F4AC66 /* Router.swift */,
			);
			path = Router;
			sourceTree = "<group>";
		};
		B5E8273C2030777A0095BF41 /* PageScrollView */ = {
			isa = PBXGroup;
			children = (
				B5E827452030810E0095BF41 /* PageMenuCell.swift */,
				B5E827472030810E0095BF41 /* PageMenuView.swift */,
				B5E827462030810E0095BF41 /* PageScrollView.swift */,
			);
			path = PageScrollView;
			sourceTree = "<group>";
		};
		B5F20DAC2052A399008D757B /* Target */ = {
			isa = PBXGroup;
			children = (
				B5F20DAF2052A5A2008D757B /* HomeTarget.swift */,
			);
			path = Target;
			sourceTree = "<group>";
		};
		B5F20DB32052B476008D757B /* HTTPProvider */ = {
			isa = PBXGroup;
			children = (
				B587F895204973D200CC3BC7 /* HTTPLoggerPlugin.swift */,
			);
			path = HTTPProvider;
			sourceTree = "<group>";
		};
/* End PBXGroup section */

/* Begin PBXNativeTarget section */
		B56223791FFC729B0012CCB2 /* ZhihuDaily */ = {
			isa = PBXNativeTarget;
			buildConfigurationList = B56223A21FFC729C0012CCB2 /* Build configuration list for PBXNativeTarget "ZhihuDaily" */;
			buildPhases = (
				0C84861FE16FBF9A481A1282 /* [CP] Check Pods Manifest.lock */,
				B56223761FFC729B0012CCB2 /* Sources */,
				B56223771FFC729B0012CCB2 /* Frameworks */,
				B56223781FFC729B0012CCB2 /* Resources */,
				2C4C71F30B0DE944EC9962BD /* [CP] Embed Pods Frameworks */,
			);
			buildRules = (
			);
			dependencies = (
			);
			name = ZhihuDaily;
			productName = ZhihuDaily;
			productReference = B562237A1FFC729B0012CCB2 /* ZhihuDaily.app */;
			productType = "com.apple.product-type.application";
		};
		B562238D1FFC729C0012CCB2 /* ZhihuDailyTests */ = {
			isa = PBXNativeTarget;
			buildConfigurationList = B56223A51FFC729C0012CCB2 /* Build configuration list for PBXNativeTarget "ZhihuDailyTests" */;
			buildPhases = (
				B562238A1FFC729C0012CCB2 /* Sources */,
				B562238B1FFC729C0012CCB2 /* Frameworks */,
				B562238C1FFC729C0012CCB2 /* Resources */,
			);
			buildRules = (
			);
			dependencies = (
				B56223901FFC729C0012CCB2 /* PBXTargetDependency */,
			);
			name = ZhihuDailyTests;
			productName = ZhihuDailyTests;
			productReference = B562238E1FFC729C0012CCB2 /* ZhihuDailyTests.xctest */;
			productType = "com.apple.product-type.bundle.unit-test";
		};
		B56223981FFC729C0012CCB2 /* ZhihuDailyUITests */ = {
			isa = PBXNativeTarget;
			buildConfigurationList = B56223A81FFC729C0012CCB2 /* Build configuration list for PBXNativeTarget "ZhihuDailyUITests" */;
			buildPhases = (
				B56223951FFC729C0012CCB2 /* Sources */,
				B56223961FFC729C0012CCB2 /* Frameworks */,
				B56223971FFC729C0012CCB2 /* Resources */,
			);
			buildRules = (
			);
			dependencies = (
				B562239B1FFC729C0012CCB2 /* PBXTargetDependency */,
			);
			name = ZhihuDailyUITests;
			productName = ZhihuDailyUITests;
			productReference = B56223991FFC729C0012CCB2 /* ZhihuDailyUITests.xctest */;
			productType = "com.apple.product-type.bundle.ui-testing";
		};
/* End PBXNativeTarget section */

/* Begin PBXProject section */
		B56223721FFC729B0012CCB2 /* Project object */ = {
			isa = PBXProject;
			attributes = {
				LastSwiftUpdateCheck = 0920;
				LastUpgradeCheck = 0920;
				ORGANIZATIONNAME = gaoX;
				TargetAttributes = {
					B56223791FFC729B0012CCB2 = {
						CreatedOnToolsVersion = 9.2;
						LastSwiftMigration = 0920;
						ProvisioningStyle = Automatic;
					};
					B562238D1FFC729C0012CCB2 = {
						CreatedOnToolsVersion = 9.2;
						ProvisioningStyle = Automatic;
						TestTargetID = B56223791FFC729B0012CCB2;
					};
					B56223981FFC729C0012CCB2 = {
						CreatedOnToolsVersion = 9.2;
						ProvisioningStyle = Automatic;
						TestTargetID = B56223791FFC729B0012CCB2;
					};
				};
			};
			buildConfigurationList = B56223751FFC729B0012CCB2 /* Build configuration list for PBXProject "ZhihuDaily" */;
			compatibilityVersion = "Xcode 8.0";
			developmentRegion = en;
			hasScannedForEncodings = 0;
			knownRegions = (
				en,
				Base,
			);
			mainGroup = B56223711FFC729B0012CCB2;
			productRefGroup = B562237B1FFC729B0012CCB2 /* Products */;
			projectDirPath = "";
			projectRoot = "";
			targets = (
				B56223791FFC729B0012CCB2 /* ZhihuDaily */,
				B562238D1FFC729C0012CCB2 /* ZhihuDailyTests */,
				B56223981FFC729C0012CCB2 /* ZhihuDailyUITests */,
			);
		};
/* End PBXProject section */

/* Begin PBXResourcesBuildPhase section */
		B56223781FFC729B0012CCB2 /* Resources */ = {
			isa = PBXResourcesBuildPhase;
			buildActionMask = 2147483647;
			files = (
				B56223881FFC729B0012CCB2 /* LaunchScreen.storyboard in Resources */,
				B56223851FFC729B0012CCB2 /* Assets.xcassets in Resources */,
			);
			runOnlyForDeploymentPostprocessing = 0;
		};
		B562238C1FFC729C0012CCB2 /* Resources */ = {
			isa = PBXResourcesBuildPhase;
			buildActionMask = 2147483647;
			files = (
			);
			runOnlyForDeploymentPostprocessing = 0;
		};
		B56223971FFC729C0012CCB2 /* Resources */ = {
			isa = PBXResourcesBuildPhase;
			buildActionMask = 2147483647;
			files = (
			);
			runOnlyForDeploymentPostprocessing = 0;
		};
/* End PBXResourcesBuildPhase section */

/* Begin PBXShellScriptBuildPhase section */
		0C84861FE16FBF9A481A1282 /* [CP] Check Pods Manifest.lock */ = {
			isa = PBXShellScriptBuildPhase;
			buildActionMask = 2147483647;
			files = (
			);
			inputPaths = (
				"${PODS_PODFILE_DIR_PATH}/Podfile.lock",
				"${PODS_ROOT}/Manifest.lock",
			);
			name = "[CP] Check Pods Manifest.lock";
			outputPaths = (
				"$(DERIVED_FILE_DIR)/Pods-ZhihuDaily-checkManifestLockResult.txt",
			);
			runOnlyForDeploymentPostprocessing = 0;
			shellPath = /bin/sh;
			shellScript = "diff \"${PODS_PODFILE_DIR_PATH}/Podfile.lock\" \"${PODS_ROOT}/Manifest.lock\" > /dev/null\nif [ $? != 0 ] ; then\n    # print error to STDERR\n    echo \"error: The sandbox is not in sync with the Podfile.lock. Run 'pod install' or update your CocoaPods installation.\" >&2\n    exit 1\nfi\n# This output is used by Xcode 'outputs' to avoid re-running this script phase.\necho \"SUCCESS\" > \"${SCRIPT_OUTPUT_FILE_0}\"\n";
			showEnvVarsInLog = 0;
		};
		2C4C71F30B0DE944EC9962BD /* [CP] Embed Pods Frameworks */ = {
			isa = PBXShellScriptBuildPhase;
			buildActionMask = 2147483647;
			files = (
			);
			inputPaths = (
				"${SRCROOT}/Pods/Target Support Files/Pods-ZhihuDaily/Pods-ZhihuDaily-frameworks.sh",
				"${BUILT_PRODUCTS_DIR}/Alamofire/Alamofire.framework",
				"${BUILT_PRODUCTS_DIR}/Cache/Cache.framework",
				"${BUILT_PRODUCTS_DIR}/Differentiator/Differentiator.framework",
				"${BUILT_PRODUCTS_DIR}/EachNavigationBar/EachNavigationBar.framework",
				"${BUILT_PRODUCTS_DIR}/FDFullscreenPopGesture/FDFullscreenPopGesture.framework",
				"${BUILT_PRODUCTS_DIR}/FSPagerView/FSPagerView.framework",
				"${BUILT_PRODUCTS_DIR}/Hue/Hue.framework",
				"${BUILT_PRODUCTS_DIR}/Kingfisher/Kingfisher.framework",
				"${BUILT_PRODUCTS_DIR}/MJRefresh/MJRefresh.framework",
				"${BUILT_PRODUCTS_DIR}/Moya/Moya.framework",
				"${BUILT_PRODUCTS_DIR}/Result/Result.framework",
				"${BUILT_PRODUCTS_DIR}/RxCocoa/RxCocoa.framework",
				"${BUILT_PRODUCTS_DIR}/RxDataSources/RxDataSources.framework",
				"${BUILT_PRODUCTS_DIR}/RxNetwork/RxNetwork.framework",
				"${BUILT_PRODUCTS_DIR}/RxSwift/RxSwift.framework",
				"${BUILT_PRODUCTS_DIR}/SnapKit/SnapKit.framework",
			);
			name = "[CP] Embed Pods Frameworks";
			outputPaths = (
				"${TARGET_BUILD_DIR}/${FRAMEWORKS_FOLDER_PATH}/Alamofire.framework",
				"${TARGET_BUILD_DIR}/${FRAMEWORKS_FOLDER_PATH}/Cache.framework",
				"${TARGET_BUILD_DIR}/${FRAMEWORKS_FOLDER_PATH}/Differentiator.framework",
				"${TARGET_BUILD_DIR}/${FRAMEWORKS_FOLDER_PATH}/EachNavigationBar.framework",
				"${TARGET_BUILD_DIR}/${FRAMEWORKS_FOLDER_PATH}/FDFullscreenPopGesture.framework",
				"${TARGET_BUILD_DIR}/${FRAMEWORKS_FOLDER_PATH}/FSPagerView.framework",
				"${TARGET_BUILD_DIR}/${FRAMEWORKS_FOLDER_PATH}/Hue.framework",
				"${TARGET_BUILD_DIR}/${FRAMEWORKS_FOLDER_PATH}/Kingfisher.framework",
				"${TARGET_BUILD_DIR}/${FRAMEWORKS_FOLDER_PATH}/MJRefresh.framework",
				"${TARGET_BUILD_DIR}/${FRAMEWORKS_FOLDER_PATH}/Moya.framework",
				"${TARGET_BUILD_DIR}/${FRAMEWORKS_FOLDER_PATH}/Result.framework",
				"${TARGET_BUILD_DIR}/${FRAMEWORKS_FOLDER_PATH}/RxCocoa.framework",
				"${TARGET_BUILD_DIR}/${FRAMEWORKS_FOLDER_PATH}/RxDataSources.framework",
				"${TARGET_BUILD_DIR}/${FRAMEWORKS_FOLDER_PATH}/RxNetwork.framework",
				"${TARGET_BUILD_DIR}/${FRAMEWORKS_FOLDER_PATH}/RxSwift.framework",
				"${TARGET_BUILD_DIR}/${FRAMEWORKS_FOLDER_PATH}/SnapKit.framework",
			);
			runOnlyForDeploymentPostprocessing = 0;
			shellPath = /bin/sh;
			shellScript = "\"${SRCROOT}/Pods/Target Support Files/Pods-ZhihuDaily/Pods-ZhihuDaily-frameworks.sh\"\n";
			showEnvVarsInLog = 0;
		};
/* End PBXShellScriptBuildPhase section */

/* Begin PBXSourcesBuildPhase section */
		B56223761FFC729B0012CCB2 /* Sources */ = {
			isa = PBXSourcesBuildPhase;
			buildActionMask = 2147483647;
			files = (
				331F305E20933E2A0017D475 /* UIImageView+Rx.swift in Sources */,
				B5171438202F33C400881F95 /* BannerView.swift in Sources */,
				B5A7C9F42015C625000C54BC /* UIColorExtension.swift in Sources */,
				B5A7C9F62015D273000C54BC /* UIScreenExtension.swift in Sources */,
				B5A7C9F82015D607000C54BC /* HomeViewController.swift in Sources */,
				B54F183820930C5100E1D038 /* MJRefresh+Rx.swift in Sources */,
				B563AAF42015AC8500F4AC66 /* Router.swift in Sources */,
				B5F20DAE2052A50A008D757B /* NetworkEnvironment.swift in Sources */,
				B5A7C9FA2015DAB6000C54BC /* NewsDetailViewController.swift in Sources */,
				B563AAF92015AC9A00F4AC66 /* UITableViewExtension.swift in Sources */,
				B563AAF22015AC8500F4AC66 /* WebViewController.swift in Sources */,
				B56223C81FFC7E1D0012CCB2 /* MenuViewController.swift in Sources */,
				B5E827482030810E0095BF41 /* PageMenuCell.swift in Sources */,
				B56223BC1FFC730E0012CCB2 /* AppDelegate.swift in Sources */,
				B563AAF82015AC9A00F4AC66 /* StringExtension.swift in Sources */,
				B531638E201FFF4200828CA2 /* ConfigurableCell.swift in Sources */,
				B5D652B92054FC6F00AE726F /* NewsDetailViewModel.swift in Sources */,
				B56EA5432051102B0011D6E9 /* ProgressView.swift in Sources */,
				B56223BE1FFC734E0012CCB2 /* MainViewController.swift in Sources */,
				B563AAFA2015AC9A00F4AC66 /* UIViewControllerExtension.swift in Sources */,
				B5F20DB02052A5A2008D757B /* HomeTarget.swift in Sources */,
				B5A7C9FC2015E030000C54BC /* NewsDetailModel.swift in Sources */,
				B5ADB444208730A60029D40F /* KeyedDecodingContainer+TypeConversion.swift in Sources */,
				B5A7C9EE2015BA97000C54BC /* HomeNewsListModel.swift in Sources */,
				B5E8274A2030810E0095BF41 /* PageMenuView.swift in Sources */,
				B5A7C9EC2015B421000C54BC /* HomeBannerListModel.swift in Sources */,
				B5A7C9F22015C22F000C54BC /* HomeNewsRowCell.swift in Sources */,
				B563AAE82015AB4B00F4AC66 /* BaseViewController.swift in Sources */,
				B5E827492030810E0095BF41 /* PageScrollView.swift in Sources */,
				B51ACD32201B06B300469329 /* WebViewContainer.swift in Sources */,
				B5DE316520544DD300661203 /* HomeViewModel.swift in Sources */,
				B587F897204973D200CC3BC7 /* HTTPLoggerPlugin.swift in Sources */,
			);
			runOnlyForDeploymentPostprocessing = 0;
		};
		B562238A1FFC729C0012CCB2 /* Sources */ = {
			isa = PBXSourcesBuildPhase;
			buildActionMask = 2147483647;
			files = (
				B56223931FFC729C0012CCB2 /* ZhihuDailyTests.swift in Sources */,
			);
			runOnlyForDeploymentPostprocessing = 0;
		};
		B56223951FFC729C0012CCB2 /* Sources */ = {
			isa = PBXSourcesBuildPhase;
			buildActionMask = 2147483647;
			files = (
				B562239E1FFC729C0012CCB2 /* ZhihuDailyUITests.swift in Sources */,
			);
			runOnlyForDeploymentPostprocessing = 0;
		};
/* End PBXSourcesBuildPhase section */

/* Begin PBXTargetDependency section */
		B56223901FFC729C0012CCB2 /* PBXTargetDependency */ = {
			isa = PBXTargetDependency;
			target = B56223791FFC729B0012CCB2 /* ZhihuDaily */;
			targetProxy = B562238F1FFC729C0012CCB2 /* PBXContainerItemProxy */;
		};
		B562239B1FFC729C0012CCB2 /* PBXTargetDependency */ = {
			isa = PBXTargetDependency;
			target = B56223791FFC729B0012CCB2 /* ZhihuDaily */;
			targetProxy = B562239A1FFC729C0012CCB2 /* PBXContainerItemProxy */;
		};
/* End PBXTargetDependency section */

/* Begin PBXVariantGroup section */
		B56223861FFC729B0012CCB2 /* LaunchScreen.storyboard */ = {
			isa = PBXVariantGroup;
			children = (
				B56223871FFC729B0012CCB2 /* Base */,
			);
			name = LaunchScreen.storyboard;
			sourceTree = "<group>";
		};
/* End PBXVariantGroup section */

/* Begin XCBuildConfiguration section */
		B56223A01FFC729C0012CCB2 /* Debug */ = {
			isa = XCBuildConfiguration;
			buildSettings = {
				ALWAYS_SEARCH_USER_PATHS = NO;
				CLANG_ANALYZER_NONNULL = YES;
				CLANG_ANALYZER_NUMBER_OBJECT_CONVERSION = YES_AGGRESSIVE;
				CLANG_CXX_LANGUAGE_STANDARD = "gnu++14";
				CLANG_CXX_LIBRARY = "libc++";
				CLANG_ENABLE_MODULES = YES;
				CLANG_ENABLE_OBJC_ARC = YES;
				CLANG_WARN_BLOCK_CAPTURE_AUTORELEASING = YES;
				CLANG_WARN_BOOL_CONVERSION = YES;
				CLANG_WARN_COMMA = YES;
				CLANG_WARN_CONSTANT_CONVERSION = YES;
				CLANG_WARN_DIRECT_OBJC_ISA_USAGE = YES_ERROR;
				CLANG_WARN_DOCUMENTATION_COMMENTS = YES;
				CLANG_WARN_EMPTY_BODY = YES;
				CLANG_WARN_ENUM_CONVERSION = YES;
				CLANG_WARN_INFINITE_RECURSION = YES;
				CLANG_WARN_INT_CONVERSION = YES;
				CLANG_WARN_NON_LITERAL_NULL_CONVERSION = YES;
				CLANG_WARN_OBJC_LITERAL_CONVERSION = YES;
				CLANG_WARN_OBJC_ROOT_CLASS = YES_ERROR;
				CLANG_WARN_RANGE_LOOP_ANALYSIS = YES;
				CLANG_WARN_STRICT_PROTOTYPES = YES;
				CLANG_WARN_SUSPICIOUS_MOVE = YES;
				CLANG_WARN_UNGUARDED_AVAILABILITY = YES_AGGRESSIVE;
				CLANG_WARN_UNREACHABLE_CODE = YES;
				CLANG_WARN__DUPLICATE_METHOD_MATCH = YES;
				CODE_SIGN_IDENTITY = "iPhone Developer";
				COPY_PHASE_STRIP = NO;
				DEBUG_INFORMATION_FORMAT = dwarf;
				ENABLE_STRICT_OBJC_MSGSEND = YES;
				ENABLE_TESTABILITY = YES;
				GCC_C_LANGUAGE_STANDARD = gnu11;
				GCC_DYNAMIC_NO_PIC = NO;
				GCC_NO_COMMON_BLOCKS = YES;
				GCC_OPTIMIZATION_LEVEL = 0;
				GCC_PREPROCESSOR_DEFINITIONS = (
					"DEBUG=1",
					"$(inherited)",
				);
				GCC_WARN_64_TO_32_BIT_CONVERSION = YES;
				GCC_WARN_ABOUT_RETURN_TYPE = YES_ERROR;
				GCC_WARN_UNDECLARED_SELECTOR = YES;
				GCC_WARN_UNINITIALIZED_AUTOS = YES_AGGRESSIVE;
				GCC_WARN_UNUSED_FUNCTION = YES;
				GCC_WARN_UNUSED_VARIABLE = YES;
				IPHONEOS_DEPLOYMENT_TARGET = 11.2;
				MTL_ENABLE_DEBUG_INFO = YES;
				ONLY_ACTIVE_ARCH = YES;
				SDKROOT = iphoneos;
				SWIFT_ACTIVE_COMPILATION_CONDITIONS = DEBUG;
				SWIFT_OPTIMIZATION_LEVEL = "-Onone";
			};
			name = Debug;
		};
		B56223A11FFC729C0012CCB2 /* Release */ = {
			isa = XCBuildConfiguration;
			buildSettings = {
				ALWAYS_SEARCH_USER_PATHS = NO;
				CLANG_ANALYZER_NONNULL = YES;
				CLANG_ANALYZER_NUMBER_OBJECT_CONVERSION = YES_AGGRESSIVE;
				CLANG_CXX_LANGUAGE_STANDARD = "gnu++14";
				CLANG_CXX_LIBRARY = "libc++";
				CLANG_ENABLE_MODULES = YES;
				CLANG_ENABLE_OBJC_ARC = YES;
				CLANG_WARN_BLOCK_CAPTURE_AUTORELEASING = YES;
				CLANG_WARN_BOOL_CONVERSION = YES;
				CLANG_WARN_COMMA = YES;
				CLANG_WARN_CONSTANT_CONVERSION = YES;
				CLANG_WARN_DIRECT_OBJC_ISA_USAGE = YES_ERROR;
				CLANG_WARN_DOCUMENTATION_COMMENTS = YES;
				CLANG_WARN_EMPTY_BODY = YES;
				CLANG_WARN_ENUM_CONVERSION = YES;
				CLANG_WARN_INFINITE_RECURSION = YES;
				CLANG_WARN_INT_CONVERSION = YES;
				CLANG_WARN_NON_LITERAL_NULL_CONVERSION = YES;
				CLANG_WARN_OBJC_LITERAL_CONVERSION = YES;
				CLANG_WARN_OBJC_ROOT_CLASS = YES_ERROR;
				CLANG_WARN_RANGE_LOOP_ANALYSIS = YES;
				CLANG_WARN_STRICT_PROTOTYPES = YES;
				CLANG_WARN_SUSPICIOUS_MOVE = YES;
				CLANG_WARN_UNGUARDED_AVAILABILITY = YES_AGGRESSIVE;
				CLANG_WARN_UNREACHABLE_CODE = YES;
				CLANG_WARN__DUPLICATE_METHOD_MATCH = YES;
				CODE_SIGN_IDENTITY = "iPhone Developer";
				COPY_PHASE_STRIP = NO;
				DEBUG_INFORMATION_FORMAT = "dwarf-with-dsym";
				ENABLE_NS_ASSERTIONS = NO;
				ENABLE_STRICT_OBJC_MSGSEND = YES;
				GCC_C_LANGUAGE_STANDARD = gnu11;
				GCC_NO_COMMON_BLOCKS = YES;
				GCC_WARN_64_TO_32_BIT_CONVERSION = YES;
				GCC_WARN_ABOUT_RETURN_TYPE = YES_ERROR;
				GCC_WARN_UNDECLARED_SELECTOR = YES;
				GCC_WARN_UNINITIALIZED_AUTOS = YES_AGGRESSIVE;
				GCC_WARN_UNUSED_FUNCTION = YES;
				GCC_WARN_UNUSED_VARIABLE = YES;
				IPHONEOS_DEPLOYMENT_TARGET = 11.2;
				MTL_ENABLE_DEBUG_INFO = NO;
				SDKROOT = iphoneos;
				SWIFT_OPTIMIZATION_LEVEL = "-Owholemodule";
				VALIDATE_PRODUCT = YES;
			};
			name = Release;
		};
		B56223A31FFC729C0012CCB2 /* Debug */ = {
			isa = XCBuildConfiguration;
			baseConfigurationReference = 83CE6E074FEB0F0C30BFDD04 /* Pods-ZhihuDaily.debug.xcconfig */;
			buildSettings = {
				ASSETCATALOG_COMPILER_APPICON_NAME = AppIcon;
				CLANG_ENABLE_MODULES = YES;
				CODE_SIGN_STYLE = Automatic;
				DEVELOPMENT_TEAM = 3BDD68D98V;
				INFOPLIST_FILE = ZhihuDaily/Info.plist;
				IPHONEOS_DEPLOYMENT_TARGET = 10.0;
				LD_RUNPATH_SEARCH_PATHS = "$(inherited) @executable_path/Frameworks";
				LIBRARY_SEARCH_PATHS = (
					"$(inherited)",
					"$(PROJECT_DIR)/ZhihuDaily/Vendor/chengtaytong/ChengTayTong/Pods/JCore",
					"$(PROJECT_DIR)/ZhihuDaily/Vendor/chengtaytong/ChengTayTong/Pods/JPush",
					"$(PROJECT_DIR)/ZhihuDaily/Vendor/chengtaytong/ChengTayTong/Pods/WechatOpenSDK/OpenSDK1.8.1",
					"$(PROJECT_DIR)/ZhihuDaily/Vendor/Network/ChengTayTong/Pods/JCore",
					"$(PROJECT_DIR)/ZhihuDaily/Vendor/Network/ChengTayTong/Pods/JPush",
					"$(PROJECT_DIR)/ZhihuDaily/Vendor/Network/ChengTayTong/Pods/WechatOpenSDK/OpenSDK1.8.1",
				);
				PRODUCT_BUNDLE_IDENTIFIER = com.gaoX.ZhihuDaily;
				PRODUCT_NAME = "$(TARGET_NAME)";
				SWIFT_OBJC_BRIDGING_HEADER = "ZhihuDaily/Vendor/ZhihuDaily-Bridging-Header.h";
				SWIFT_OPTIMIZATION_LEVEL = "-Onone";
				SWIFT_VERSION = 4.0;
				TARGETED_DEVICE_FAMILY = 1;
			};
			name = Debug;
		};
		B56223A41FFC729C0012CCB2 /* Release */ = {
			isa = XCBuildConfiguration;
			baseConfigurationReference = F886866C7CEB86595A7BC528 /* Pods-ZhihuDaily.release.xcconfig */;
			buildSettings = {
				ASSETCATALOG_COMPILER_APPICON_NAME = AppIcon;
				CLANG_ENABLE_MODULES = YES;
				CODE_SIGN_STYLE = Automatic;
				DEVELOPMENT_TEAM = 3BDD68D98V;
				INFOPLIST_FILE = ZhihuDaily/Info.plist;
				IPHONEOS_DEPLOYMENT_TARGET = 10.0;
				LD_RUNPATH_SEARCH_PATHS = "$(inherited) @executable_path/Frameworks";
				LIBRARY_SEARCH_PATHS = (
					"$(inherited)",
					"$(PROJECT_DIR)/ZhihuDaily/Vendor/chengtaytong/ChengTayTong/Pods/JCore",
					"$(PROJECT_DIR)/ZhihuDaily/Vendor/chengtaytong/ChengTayTong/Pods/JPush",
					"$(PROJECT_DIR)/ZhihuDaily/Vendor/chengtaytong/ChengTayTong/Pods/WechatOpenSDK/OpenSDK1.8.1",
					"$(PROJECT_DIR)/ZhihuDaily/Vendor/Network/ChengTayTong/Pods/JCore",
					"$(PROJECT_DIR)/ZhihuDaily/Vendor/Network/ChengTayTong/Pods/JPush",
					"$(PROJECT_DIR)/ZhihuDaily/Vendor/Network/ChengTayTong/Pods/WechatOpenSDK/OpenSDK1.8.1",
				);
				PRODUCT_BUNDLE_IDENTIFIER = com.gaoX.ZhihuDaily;
				PRODUCT_NAME = "$(TARGET_NAME)";
				SWIFT_OBJC_BRIDGING_HEADER = "ZhihuDaily/Vendor/ZhihuDaily-Bridging-Header.h";
				SWIFT_VERSION = 4.0;
				TARGETED_DEVICE_FAMILY = 1;
			};
			name = Release;
		};
		B56223A61FFC729C0012CCB2 /* Debug */ = {
			isa = XCBuildConfiguration;
			buildSettings = {
				ALWAYS_EMBED_SWIFT_STANDARD_LIBRARIES = YES;
				BUNDLE_LOADER = "$(TEST_HOST)";
				CODE_SIGN_STYLE = Automatic;
				INFOPLIST_FILE = ZhihuDailyTests/Info.plist;
				LD_RUNPATH_SEARCH_PATHS = "$(inherited) @executable_path/Frameworks @loader_path/Frameworks";
				PRODUCT_BUNDLE_IDENTIFIER = com.gaoX.ZhihuDailyTests;
				PRODUCT_NAME = "$(TARGET_NAME)";
				SWIFT_VERSION = 4.0;
				TARGETED_DEVICE_FAMILY = "1,2";
				TEST_HOST = "$(BUILT_PRODUCTS_DIR)/ZhihuDaily.app/ZhihuDaily";
			};
			name = Debug;
		};
		B56223A71FFC729C0012CCB2 /* Release */ = {
			isa = XCBuildConfiguration;
			buildSettings = {
				ALWAYS_EMBED_SWIFT_STANDARD_LIBRARIES = YES;
				BUNDLE_LOADER = "$(TEST_HOST)";
				CODE_SIGN_STYLE = Automatic;
				INFOPLIST_FILE = ZhihuDailyTests/Info.plist;
				LD_RUNPATH_SEARCH_PATHS = "$(inherited) @executable_path/Frameworks @loader_path/Frameworks";
				PRODUCT_BUNDLE_IDENTIFIER = com.gaoX.ZhihuDailyTests;
				PRODUCT_NAME = "$(TARGET_NAME)";
				SWIFT_VERSION = 4.0;
				TARGETED_DEVICE_FAMILY = "1,2";
				TEST_HOST = "$(BUILT_PRODUCTS_DIR)/ZhihuDaily.app/ZhihuDaily";
			};
			name = Release;
		};
		B56223A91FFC729C0012CCB2 /* Debug */ = {
			isa = XCBuildConfiguration;
			buildSettings = {
				ALWAYS_EMBED_SWIFT_STANDARD_LIBRARIES = YES;
				CODE_SIGN_STYLE = Automatic;
				INFOPLIST_FILE = ZhihuDailyUITests/Info.plist;
				LD_RUNPATH_SEARCH_PATHS = "$(inherited) @executable_path/Frameworks @loader_path/Frameworks";
				PRODUCT_BUNDLE_IDENTIFIER = com.gaoX.ZhihuDailyUITests;
				PRODUCT_NAME = "$(TARGET_NAME)";
				SWIFT_VERSION = 4.0;
				TARGETED_DEVICE_FAMILY = "1,2";
				TEST_TARGET_NAME = ZhihuDaily;
			};
			name = Debug;
		};
		B56223AA1FFC729C0012CCB2 /* Release */ = {
			isa = XCBuildConfiguration;
			buildSettings = {
				ALWAYS_EMBED_SWIFT_STANDARD_LIBRARIES = YES;
				CODE_SIGN_STYLE = Automatic;
				INFOPLIST_FILE = ZhihuDailyUITests/Info.plist;
				LD_RUNPATH_SEARCH_PATHS = "$(inherited) @executable_path/Frameworks @loader_path/Frameworks";
				PRODUCT_BUNDLE_IDENTIFIER = com.gaoX.ZhihuDailyUITests;
				PRODUCT_NAME = "$(TARGET_NAME)";
				SWIFT_VERSION = 4.0;
				TARGETED_DEVICE_FAMILY = "1,2";
				TEST_TARGET_NAME = ZhihuDaily;
			};
			name = Release;
		};
/* End XCBuildConfiguration section */

/* Begin XCConfigurationList section */
		B56223751FFC729B0012CCB2 /* Build configuration list for PBXProject "ZhihuDaily" */ = {
			isa = XCConfigurationList;
			buildConfigurations = (
				B56223A01FFC729C0012CCB2 /* Debug */,
				B56223A11FFC729C0012CCB2 /* Release */,
			);
			defaultConfigurationIsVisible = 0;
			defaultConfigurationName = Release;
		};
		B56223A21FFC729C0012CCB2 /* Build configuration list for PBXNativeTarget "ZhihuDaily" */ = {
			isa = XCConfigurationList;
			buildConfigurations = (
				B56223A31FFC729C0012CCB2 /* Debug */,
				B56223A41FFC729C0012CCB2 /* Release */,
			);
			defaultConfigurationIsVisible = 0;
			defaultConfigurationName = Release;
		};
		B56223A51FFC729C0012CCB2 /* Build configuration list for PBXNativeTarget "ZhihuDailyTests" */ = {
			isa = XCConfigurationList;
			buildConfigurations = (
				B56223A61FFC729C0012CCB2 /* Debug */,
				B56223A71FFC729C0012CCB2 /* Release */,
			);
			defaultConfigurationIsVisible = 0;
			defaultConfigurationName = Release;
		};
		B56223A81FFC729C0012CCB2 /* Build configuration list for PBXNativeTarget "ZhihuDailyUITests" */ = {
			isa = XCConfigurationList;
			buildConfigurations = (
				B56223A91FFC729C0012CCB2 /* Debug */,
				B56223AA1FFC729C0012CCB2 /* Release */,
			);
			defaultConfigurationIsVisible = 0;
			defaultConfigurationName = Release;
		};
/* End XCConfigurationList section */
	};
	rootObject = B56223721FFC729B0012CCB2 /* Project object */;
}
